
Microsoft Visual Studio Solution File, Format Version 12.00
# Visual Studio Version 17
VisualStudioVersion = 17.8.34408.163
MinimumVisualStudioVersion = 10.0.40219.1
Project("{9A19103F-16F7-4668-BE54-9A1E7A4F7556}") = "BeatSaberOffsetMigrator", "BeatSaberOffsetMigrator\BeatSaberOffsetMigrator.csproj", "{79F37468-CA86-40F5-ABDE-B42EAB596CCB}"
EndProject
Project("{9A19103F-16F7-4668-BE54-9A1E7A4F7556}") = "VRInputHelper.Oculus", "VRInputHelper.Oculus\VRInputHelper.Oculus.csproj", "{12C784F6-2F2C-433F-9442-D999D71243C6}"
EndProject
Project("{2150E333-8FDC-42A3-9474-1A3956D46DE8}") = "Solution Items", "Solution Items", "{60C55599-F6A6-40AB-9C0B-88A10306BD8E}"
	ProjectSection(SolutionItems) = preProject
		README.md = README.md
	EndProjectSection
EndProject
Global
	GlobalSection(SolutionConfigurationPlatforms) = preSolution
		Debug|Any CPU = Debug|Any CPU
		Release|Any CPU = Release|Any CPU
	EndGlobalSection
	GlobalSection(ProjectConfigurationPlatforms) = postSolution
		{79F37468-CA86-40F5-ABDE-B42EAB596CCB}.Debug|Any CPU.ActiveCfg = Debug|Any CPU
		{79F37468-CA86-40F5-ABDE-B42EAB596CCB}.Debug|Any CPU.Build.0 = Debug|Any CPU
		{79F37468-CA86-40F5-ABDE-B42EAB596CCB}.Release|Any CPU.ActiveCfg = Release|Any CPU
		{79F37468-CA86-40F5-ABDE-B42EAB596CCB}.Release|Any CPU.Build.0 = Release|Any CPU
		{12C784F6-2F2C-433F-9442-D999D71243C6}.Debug|Any CPU.ActiveCfg = Debug|Any CPU
		{12C784F6-2F2C-433F-9442-D999D71243C6}.Debug|Any CPU.Build.0 = Debug|Any CPU
		{12C784F6-2F2C-433F-9442-D999D71243C6}.Release|Any CPU.ActiveCfg = Release|Any CPU
		{12C784F6-2F2C-433F-9442-D999D71243C6}.Release|Any CPU.Build.0 = Release|Any CPU
	EndGlobalSection
	GlobalSection(SolutionProperties) = preSolution
		HideSolutionNode = FALSE
	EndGlobalSection
EndGlobal